# THIS IS AN AUTOGENERATED FILE. DO NOT EDIT THIS FILE DIRECTLY.
# yarn lockfile v1


agent-base@2:
  version "2.0.1"
  resolved "https://registry.yarnpkg.com/agent-base/-/agent-base-2.0.1.tgz#bd8f9e86a8eb221fffa07bd14befd55df142815e"
  dependencies:
    extend "~3.0.0"
    semver "~5.0.1"

ajv@^4.11.3:
  version "4.11.3"
  resolved "https://registry.yarnpkg.com/ajv/-/ajv-4.11.3.tgz#ce30bdb90d1254f762c75af915fb3a63e7183d22"
  dependencies:
    co "^4.6.0"
    json-stable-stringify "^1.0.1"

archiver-utils@~0.3.0:
  version "0.3.0"
  resolved "https://registry.yarnpkg.com/archiver-utils/-/archiver-utils-0.3.0.tgz#9d85340892fe9e7c6c1b1b6af3c33692cf595b70"
  dependencies:
    glob "~6.0.0"
    lazystream "~0.1.0"
    lodash "~3.10.0"
    normalize-path "~2.0.0"
    readable-stream "~2.0.0"

archiver@^0.21.0:
  version "0.21.0"
  resolved "https://registry.yarnpkg.com/archiver/-/archiver-0.21.0.tgz#129da0c8eae1a9bf08a012d8a4e2043a1e2909ce"
  dependencies:
    archiver-utils "~0.3.0"
    async "~1.5.0"
    buffer-crc32 "~0.2.1"
    glob "~6.0.0"
    lodash "~3.10.0"
    readable-stream "~2.0.0"
    tar-stream "~1.3.1"
    zip-stream "~0.8.0"

argparse@^1.0.7:
  version "1.0.9"
  resolved "https://registry.yarnpkg.com/argparse/-/argparse-1.0.9.tgz#73d83bc263f86e97f8cc4f6bae1b0e90a7d22c86"
  dependencies:
    sprintf-js "~1.0.2"

async@~1.5.0:
  version "1.5.2"
  resolved "https://registry.yarnpkg.com/async/-/async-1.5.2.tgz#ec6a61ae56480c0c3cb241c95618e20892f9672a"

aws-sdk, aws-sdk@^2.5.3:
  version "2.6.14"
  resolved "https://registry.yarnpkg.com/aws-sdk/-/aws-sdk-2.6.14.tgz#6775f059b9d5baef8998fe7456ef5d7aae858b65"
  dependencies:
    buffer "4.9.1"
    crypto-browserify "1.0.9"
    jmespath "0.15.0"
    querystring "0.2.0"
    sax "1.1.5"
    url "0.10.3"
    xml2js "0.4.15"
    xmlbuilder "2.6.2"

balanced-match@^0.4.1:
  version "0.4.2"
  resolved "https://registry.yarnpkg.com/balanced-match/-/balanced-match-0.4.2.tgz#cb3f3e3c732dc0f01ee70b403f302e61d7709838"

base64-js@^1.0.2:
  version "1.2.0"
  resolved "https://registry.yarnpkg.com/base64-js/-/base64-js-1.2.0.tgz#a39992d723584811982be5e290bb6a53d86700f1"

bl@^1.0.0:
  version "1.1.2"
  resolved "https://registry.yarnpkg.com/bl/-/bl-1.1.2.tgz#fdca871a99713aa00d19e3bbba41c44787a65398"
  dependencies:
    readable-stream "~2.0.5"

bluebird@^3.2.1:
  version "3.4.6"
  resolved "https://registry.yarnpkg.com/bluebird/-/bluebird-3.4.6.tgz#01da8d821d87813d158967e743d5fe6c62cf8c0f"

brace-expansion@^1.0.0:
  version "1.1.6"
  resolved "https://registry.yarnpkg.com/brace-expansion/-/brace-expansion-1.1.6.tgz#7197d7eaa9b87e648390ea61fc66c84427420df9"
  dependencies:
    balanced-match "^0.4.1"
    concat-map "0.0.1"

browserify-zlib@^0.1.4:
  version "0.1.4"
  resolved "https://registry.yarnpkg.com/browserify-zlib/-/browserify-zlib-0.1.4.tgz#bb35f8a519f600e0fa6b8485241c979d0141fb2d"
  dependencies:
    pako "~0.2.0"

buffer-crc32@~0.2.1:
  version "0.2.5"
  resolved "https://registry.yarnpkg.com/buffer-crc32/-/buffer-crc32-0.2.5.tgz#db003ac2671e62ebd6ece78ea2c2e1b405736e91"

buffer@4.9.1:
  version "4.9.1"
  resolved "https://registry.yarnpkg.com/buffer/-/buffer-4.9.1.tgz#6d1bb601b07a4efced97094132093027c95bc298"
  dependencies:
    base64-js "^1.0.2"
    ieee754 "^1.1.4"
    isarray "^1.0.0"

claudia:
  version "2.1.1"
  resolved "https://registry.yarnpkg.com/claudia/-/claudia-2.1.1.tgz#b58b36a81957b5598f2b6222ea591aadd3b672be"
  dependencies:
    archiver "^0.21.0"
    aws-sdk "^2.5.3"
    bluebird "^3.2.1"
    gunzip-maybe "^1.3.1"
    minimal-request-promise "^1.1.0"
    minimist "^1.2.0"
    oh-no-i-insist "^1.0.0"
    shelljs "^0.5.3"
    tar-fs "^1.14.0"
    uuid "^2.0.1"

claudia-api-builder@^2.0.1:
  version "2.0.2"
  resolved "https://registry.yarnpkg.com/claudia-api-builder/-/claudia-api-builder-2.0.2.tgz#e17df5c45ef9a9e293508654171d8ba66a9c1f96"

claudia-bot-builder:
  version "2.4.0"
  resolved "https://registry.yarnpkg.com/claudia-bot-builder/-/claudia-bot-builder-2.4.0.tgz#77fe9ad9f1487f19c315e558bd5d75c16c106325"
  dependencies:
    claudia-api-builder "^2.0.1"
    minimal-request-promise "^1.3.0"
    oh-no-i-insist "^1.0.0"
    souffleur "^1.0.0"
    tsscmp "^1.0.5"

co@^4.6.0:
  version "4.6.0"
  resolved "https://registry.yarnpkg.com/co/-/co-4.6.0.tgz#6ea6bdf3d853ae54ccb8e47bfa0bf3f9031fb184"

compress-commons@~0.4.0:
  version "0.4.2"
  resolved "https://registry.yarnpkg.com/compress-commons/-/compress-commons-0.4.2.tgz#1a0847489f0d713d0dd76343c0c2d055dc9cd892"
  dependencies:
    buffer-crc32 "~0.2.1"
    crc32-stream "~0.4.0"
    node-int64 "~0.4.0"
    normalize-path "~2.0.0"
    readable-stream "~2.0.0"

concat-map@0.0.1:
  version "0.0.1"
  resolved "https://registry.yarnpkg.com/concat-map/-/concat-map-0.0.1.tgz#d8a96bd77fd68df7793a73036a3ba0d5405d477b"

core-util-is@~1.0.0:
  version "1.0.2"
  resolved "https://registry.yarnpkg.com/core-util-is/-/core-util-is-1.0.2.tgz#b5fd54220aa2bc5ab57aab7140c940754503c1a7"

crc32-stream@~0.4.0:
  version "0.4.0"
  resolved "https://registry.yarnpkg.com/crc32-stream/-/crc32-stream-0.4.0.tgz#b54d4c6eefd35b53e653d062b306edc6316ae26d"
  dependencies:
    buffer-crc32 "~0.2.1"
    readable-stream "~2.0.0"

crypto-browserify@1.0.9:
  version "1.0.9"
  resolved "https://registry.yarnpkg.com/crypto-browserify/-/crypto-browserify-1.0.9.tgz#cc5449685dfb85eb11c9828acc7cb87ab5bbfcc0"

debug@2, debug@^2.2.0:
  version "2.2.0"
  resolved "https://registry.yarnpkg.com/debug/-/debug-2.2.0.tgz#f87057e995b1a1f6ae6a4960664137bc56f039da"
  dependencies:
    ms "0.7.1"

duplexify@^3.0.1, duplexify@^3.1.2:
  version "3.5.0"
  resolved "https://registry.yarnpkg.com/duplexify/-/duplexify-3.5.0.tgz#1aa773002e1578457e9d9d4a50b0ccaaebcbd604"
  dependencies:
    end-of-stream "1.0.0"
    inherits "^2.0.1"
    readable-stream "^2.0.0"
    stream-shift "^1.0.0"

end-of-stream@1.0.0:
  version "1.0.0"
  resolved "https://registry.yarnpkg.com/end-of-stream/-/end-of-stream-1.0.0.tgz#d4596e702734a93e40e9af864319eabd99ff2f0e"
  dependencies:
    once "~1.3.0"

end-of-stream@^1.0.0, end-of-stream@^1.1.0:
  version "1.1.0"
  resolved "https://registry.yarnpkg.com/end-of-stream/-/end-of-stream-1.1.0.tgz#e9353258baa9108965efc41cb0ef8ade2f3cfb07"
  dependencies:
    once "~1.3.0"

esprima@^3.1.1:
  version "3.1.3"
  resolved "https://registry.yarnpkg.com/esprima/-/esprima-3.1.3.tgz#fdca51cee6133895e3c88d535ce49dbff62a4633"

extend@3, extend@~3.0.0:
  version "3.0.0"
  resolved "https://registry.yarnpkg.com/extend/-/extend-3.0.0.tgz#5a474353b9f3353ddd8176dfd37b91c83a46f1d4"

follow-redirects@0.0.7:
  version "0.0.7"
  resolved "https://registry.yarnpkg.com/follow-redirects/-/follow-redirects-0.0.7.tgz#34b90bab2a911aa347571da90f22bd36ecd8a919"
  dependencies:
    debug "^2.2.0"
    stream-consume "^0.1.0"

github:
  version "6.0.1"
  resolved "https://registry.yarnpkg.com/github/-/github-6.0.1.tgz#c14d7d65995239853100bc8c9d76200a482fe0bd"
  dependencies:
    follow-redirects "0.0.7"
    https-proxy-agent "^1.0.0"
    mime "^1.2.11"

glob@~6.0.0:
  version "6.0.4"
  resolved "https://registry.yarnpkg.com/glob/-/glob-6.0.4.tgz#0f08860f6a155127b2fadd4f9ce24b1aab6e4d22"
  dependencies:
    inflight "^1.0.4"
    inherits "2"
    minimatch "2 || 3"
    once "^1.3.0"
    path-is-absolute "^1.0.0"

gunzip-maybe@^1.3.1:
  version "1.3.1"
  resolved "https://registry.yarnpkg.com/gunzip-maybe/-/gunzip-maybe-1.3.1.tgz#7fd94ebb449a9c6961ffa449d1c078a574e3de15"
  dependencies:
    browserify-zlib "^0.1.4"
    is-deflate "^1.0.0"
    is-gzip "^1.0.0"
    peek-stream "^1.1.0"
    pumpify "^1.3.3"
    through2 "^0.4.1"

https-proxy-agent@^1.0.0:
  version "1.0.0"
  resolved "https://registry.yarnpkg.com/https-proxy-agent/-/https-proxy-agent-1.0.0.tgz#35f7da6c48ce4ddbfa264891ac593ee5ff8671e6"
  dependencies:
    agent-base "2"
    debug "2"
    extend "3"

ieee754@^1.1.4:
  version "1.1.8"
  resolved "https://registry.yarnpkg.com/ieee754/-/ieee754-1.1.8.tgz#be33d40ac10ef1926701f6f08a2d86fbfd1ad3e4"

inflight@^1.0.4:
  version "1.0.6"
  resolved "https://registry.yarnpkg.com/inflight/-/inflight-1.0.6.tgz#49bd6331d7d02d0c09bc910a1075ba8165b56df9"
  dependencies:
    once "^1.3.0"
    wrappy "1"

inherits@2, inherits@^2.0.1, inherits@~2.0.1:
  version "2.0.3"
  resolved "https://registry.yarnpkg.com/inherits/-/inherits-2.0.3.tgz#633c2c83e3da42a502f52466022480f4208261de"

is-deflate@^1.0.0:
  version "1.0.0"
  resolved "https://registry.yarnpkg.com/is-deflate/-/is-deflate-1.0.0.tgz#c862901c3c161fb09dac7cdc7e784f80e98f2f14"

is-gzip@^1.0.0:
  version "1.0.0"
  resolved "https://registry.yarnpkg.com/is-gzip/-/is-gzip-1.0.0.tgz#6ca8b07b99c77998025900e555ced8ed80879a83"

isarray@0.0.1:
  version "0.0.1"
  resolved "https://registry.yarnpkg.com/isarray/-/isarray-0.0.1.tgz#8a18acfca9a8f4177e09abfc6038939b05d1eedf"

isarray@^1.0.0, isarray@~1.0.0:
  version "1.0.0"
  resolved "https://registry.yarnpkg.com/isarray/-/isarray-1.0.0.tgz#bb935d48582cba168c06834957a54a3e07124f11"

jmespath@0.15.0:
  version "0.15.0"
  resolved "https://registry.yarnpkg.com/jmespath/-/jmespath-0.15.0.tgz#a3f222a9aae9f966f5d27c796510e28091764217"

js-yaml@^3.8.1:
  version "3.8.1"
  resolved "https://registry.yarnpkg.com/js-yaml/-/js-yaml-3.8.1.tgz#782ba50200be7b9e5a8537001b7804db3ad02628"
  dependencies:
    argparse "^1.0.7"
    esprima "^3.1.1"

json-stable-stringify@^1.0.1:
  version "1.0.1"
  resolved "https://registry.yarnpkg.com/json-stable-stringify/-/json-stable-stringify-1.0.1.tgz#9a759d39c5f2ff503fd5300646ed445f88c4f9af"
  dependencies:
    jsonify "~0.0.0"

jsonify@~0.0.0:
  version "0.0.0"
  resolved "https://registry.yarnpkg.com/jsonify/-/jsonify-0.0.0.tgz#2c74b6ee41d93ca51b7b5aaee8f503631d252a73"

lazystream@~0.1.0:
  version "0.1.0"
  resolved "https://registry.yarnpkg.com/lazystream/-/lazystream-0.1.0.tgz#1b25d63c772a4c20f0a5ed0a9d77f484b6e16920"
  dependencies:
    readable-stream "~1.0.2"

lodash@~3.10.0, lodash@~3.10.1:
  version "3.10.1"
  resolved "https://registry.yarnpkg.com/lodash/-/lodash-3.10.1.tgz#5bf45e8e49ba4189e17d482789dfd15bd140b7b6"

lodash@~3.5.0:
  version "3.5.0"
  resolved "https://registry.yarnpkg.com/lodash/-/lodash-3.5.0.tgz#19bb3f4d51278f0b8c818ed145c74ecf9fe40e6d"

mime@^1.2.11:
  version "1.3.4"
  resolved "https://registry.yarnpkg.com/mime/-/mime-1.3.4.tgz#115f9e3b6b3daf2959983cb38f149a2d40eb5d53"

minimal-request-promise@^1.1.0, minimal-request-promise@^1.3.0:
  version "1.3.0"
  resolved "https://registry.yarnpkg.com/minimal-request-promise/-/minimal-request-promise-1.3.0.tgz#4594ac0d82a1f4bfaba6c566c00b047ac302cfd4"

"minimatch@2 || 3":
  version "3.0.3"
  resolved "https://registry.yarnpkg.com/minimatch/-/minimatch-3.0.3.tgz#2a4e4090b96b2db06a9d7df01055a62a77c9b774"
  dependencies:
    brace-expansion "^1.0.0"

minimist@0.0.8:
  version "0.0.8"
  resolved "https://registry.yarnpkg.com/minimist/-/minimist-0.0.8.tgz#857fcabfc3397d2625b8228262e86aa7a011b05d"

minimist@^1.2.0:
  version "1.2.0"
  resolved "https://registry.yarnpkg.com/minimist/-/minimist-1.2.0.tgz#a35008b20f41383eec1fb914f4cd5df79a264284"

mkdirp@^0.5.0:
  version "0.5.1"
  resolved "https://registry.yarnpkg.com/mkdirp/-/mkdirp-0.5.1.tgz#30057438eac6cf7f8c4767f38648d6697d75c903"
  dependencies:
    minimist "0.0.8"

ms@0.7.1:
  version "0.7.1"
  resolved "https://registry.yarnpkg.com/ms/-/ms-0.7.1.tgz#9cd13c03adbff25b65effde7ce864ee952017098"

node-int64@~0.4.0:
  version "0.4.0"
  resolved "https://registry.yarnpkg.com/node-int64/-/node-int64-0.4.0.tgz#87a9065cdb355d3182d8f94ce11188b825c68a3b"

normalize-path@~2.0.0:
  version "2.0.1"
  resolved "https://registry.yarnpkg.com/normalize-path/-/normalize-path-2.0.1.tgz#47886ac1662760d4261b7d979d241709d3ce3f7a"

object-keys@~0.4.0:
  version "0.4.0"
  resolved "https://registry.yarnpkg.com/object-keys/-/object-keys-0.4.0.tgz#28a6aae7428dd2c3a92f3d95f21335dd204e0336"

oh-no-i-insist@^1.0.0:
  version "1.0.0"
  resolved "https://registry.yarnpkg.com/oh-no-i-insist/-/oh-no-i-insist-1.0.0.tgz#7db827e4f9f83db5866423d5a2035c59fb6db873"

once@^1.3.0, once@^1.3.1:
  version "1.4.0"
  resolved "https://registry.yarnpkg.com/once/-/once-1.4.0.tgz#583b1aa775961d4b113ac17d9c50baef9dd76bd1"
  dependencies:
    wrappy "1"

once@~1.3.0:
  version "1.3.3"
  resolved "https://registry.yarnpkg.com/once/-/once-1.3.3.tgz#b2e261557ce4c314ec8304f3fa82663e4297ca20"
  dependencies:
    wrappy "1"

pako@~0.2.0:
  version "0.2.9"
  resolved "https://registry.yarnpkg.com/pako/-/pako-0.2.9.tgz#f3f7522f4ef782348da8161bad9ecfd51bf83a75"

path-is-absolute@^1.0.0:
  version "1.0.1"
  resolved "https://registry.yarnpkg.com/path-is-absolute/-/path-is-absolute-1.0.1.tgz#174b9268735534ffbc7ace6bf53a5a9e1b5c5f5f"

peek-stream@^1.1.0:
  version "1.1.1"
  resolved "https://registry.yarnpkg.com/peek-stream/-/peek-stream-1.1.1.tgz#5324259966a9c97ce2f0470f67c23bf248f8e7f0"
  dependencies:
    duplexify "^3.0.1"
    through2 "^0.5.1"

process-nextick-args@~1.0.6:
  version "1.0.7"
  resolved "https://registry.yarnpkg.com/process-nextick-args/-/process-nextick-args-1.0.7.tgz#150e20b756590ad3f91093f25a4f2ad8bff30ba3"

pump@^1.0.0:
  version "1.0.1"
  resolved "https://registry.yarnpkg.com/pump/-/pump-1.0.1.tgz#f1f1409fb9bd1085bbdb576b43b84ec4b5eadc1a"
  dependencies:
    end-of-stream "^1.1.0"
    once "^1.3.1"

pumpify@^1.3.3:
  version "1.3.5"
  resolved "https://registry.yarnpkg.com/pumpify/-/pumpify-1.3.5.tgz#1b671c619940abcaeac0ad0e3a3c164be760993b"
  dependencies:
    duplexify "^3.1.2"
    inherits "^2.0.1"
    pump "^1.0.0"

punycode@1.3.2:
  version "1.3.2"
  resolved "https://registry.yarnpkg.com/punycode/-/punycode-1.3.2.tgz#9653a036fb7c1ee42342f2325cceefea3926c48d"

querystring@0.2.0:
  version "0.2.0"
  resolved "https://registry.yarnpkg.com/querystring/-/querystring-0.2.0.tgz#b209849203bb25df820da756e747005878521620"

readable-stream@^2.0.0, readable-stream@~2.0.0, readable-stream@~2.0.5:
  version "2.0.6"
  resolved "https://registry.yarnpkg.com/readable-stream/-/readable-stream-2.0.6.tgz#8f90341e68a53ccc928788dacfcd11b36eb9b78e"
  dependencies:
    core-util-is "~1.0.0"
    inherits "~2.0.1"
    isarray "~1.0.0"
    process-nextick-args "~1.0.6"
    string_decoder "~0.10.x"
    util-deprecate "~1.0.1"

readable-stream@~1.0.17, readable-stream@~1.0.2:
  version "1.0.34"
  resolved "https://registry.yarnpkg.com/readable-stream/-/readable-stream-1.0.34.tgz#125820e34bc842d2f2aaafafe4c2916ee32c157c"
  dependencies:
    core-util-is "~1.0.0"
    inherits "~2.0.1"
    isarray "0.0.1"
    string_decoder "~0.10.x"

sax@1.1.5, sax@>=0.6.0:
  version "1.1.5"
  resolved "https://registry.yarnpkg.com/sax/-/sax-1.1.5.tgz#1da50a8d00cdecd59405659f5ff85349fe773743"

semver@~5.0.1:
  version "5.0.3"
  resolved "https://registry.yarnpkg.com/semver/-/semver-5.0.3.tgz#77466de589cd5d3c95f138aa78bc569a3cb5d27a"

shelljs@^0.5.3:
  version "0.5.3"
  resolved "https://registry.yarnpkg.com/shelljs/-/shelljs-0.5.3.tgz#c54982b996c76ef0c1e6b59fbdc5825f5b713113"

souffleur@^1.0.0:
  version "1.0.0"
  resolved "https://registry.yarnpkg.com/souffleur/-/souffleur-1.0.0.tgz#d199d979cc02b2feea87dae6bcd4056af47d9674"

sprintf-js@~1.0.2:
  version "1.0.3"
  resolved "https://registry.yarnpkg.com/sprintf-js/-/sprintf-js-1.0.3.tgz#04e6926f662895354f3dd015203633b857297e2c"

stream-consume@^0.1.0:
  version "0.1.0"
  resolved "https://registry.yarnpkg.com/stream-consume/-/stream-consume-0.1.0.tgz#a41ead1a6d6081ceb79f65b061901b6d8f3d1d0f"

stream-shift@^1.0.0:
  version "1.0.0"
  resolved "https://registry.yarnpkg.com/stream-shift/-/stream-shift-1.0.0.tgz#d5c752825e5367e786f78e18e445ea223a155952"

string_decoder@~0.10.x:
  version "0.10.31"
  resolved "https://registry.yarnpkg.com/string_decoder/-/string_decoder-0.10.31.tgz#62e203bc41766c6c28c9fc84301dab1c5310fa94"

tar-fs@^1.14.0:
  version "1.14.0"
  resolved "https://registry.yarnpkg.com/tar-fs/-/tar-fs-1.14.0.tgz#f99cc074bf33bed21cd921a21720797bb18e6c96"
  dependencies:
    mkdirp "^0.5.0"
    pump "^1.0.0"
    tar-stream "^1.1.2"

tar-stream@^1.1.2, tar-stream@~1.3.1:
  version "1.3.2"
  resolved "https://registry.yarnpkg.com/tar-stream/-/tar-stream-1.3.2.tgz#724d1ab4801c9b3149cdea765fe8c90ea71f6606"
  dependencies:
    bl "^1.0.0"
    end-of-stream "^1.0.0"
    readable-stream "^2.0.0"
    xtend "^4.0.0"

through2@^0.4.1:
  version "0.4.2"
  resolved "https://registry.yarnpkg.com/through2/-/through2-0.4.2.tgz#dbf5866031151ec8352bb6c4db64a2292a840b9b"
  dependencies:
    readable-stream "~1.0.17"
    xtend "~2.1.1"

through2@^0.5.1:
  version "0.5.1"
  resolved "https://registry.yarnpkg.com/through2/-/through2-0.5.1.tgz#dfdd012eb9c700e2323fd334f38ac622ab372da7"
  dependencies:
    readable-stream "~1.0.17"
    xtend "~3.0.0"

tsscmp@^1.0.5:
  version "1.0.5"
  resolved "https://registry.yarnpkg.com/tsscmp/-/tsscmp-1.0.5.tgz#7dc4a33af71581ab4337da91d85ca5427ebd9a97"

url@0.10.3:
  version "0.10.3"
  resolved "https://registry.yarnpkg.com/url/-/url-0.10.3.tgz#021e4d9c7705f21bbf37d03ceb58767402774c64"
  dependencies:
    punycode "1.3.2"
    querystring "0.2.0"

util-deprecate@~1.0.1:
  version "1.0.2"
  resolved "https://registry.yarnpkg.com/util-deprecate/-/util-deprecate-1.0.2.tgz#450d4dc9fa70de732762fbd2d4a28981419a0ccf"

uuid@^2.0.1:
  version "2.0.3"
  resolved "https://registry.yarnpkg.com/uuid/-/uuid-2.0.3.tgz#67e2e863797215530dff318e5bf9dcebfd47b21a"

wrappy@1:
  version "1.0.2"
  resolved "https://registry.yarnpkg.com/wrappy/-/wrappy-1.0.2.tgz#b5243d8f3ec1aa35f1364605bc0d1036e30ab69f"

xml2js@0.4.15:
  version "0.4.15"
  resolved "https://registry.yarnpkg.com/xml2js/-/xml2js-0.4.15.tgz#95cd03ff2dd144ec28bc6273bf2b2890c581ad0c"
  dependencies:
    sax ">=0.6.0"
    xmlbuilder ">=2.4.6"

xmlbuilder@2.6.2, xmlbuilder@>=2.4.6:
  version "2.6.2"
  resolved "https://registry.yarnpkg.com/xmlbuilder/-/xmlbuilder-2.6.2.tgz#f916f6d10d45dc171b1be2e6e673fb6e0cc35d0a"
  dependencies:
    lodash "~3.5.0"

xtend@^4.0.0:
  version "4.0.1"
  resolved "https://registry.yarnpkg.com/xtend/-/xtend-4.0.1.tgz#a5c6d532be656e23db820efb943a1f04998d63af"

xtend@~2.1.1:
  version "2.1.2"
  resolved "https://registry.yarnpkg.com/xtend/-/xtend-2.1.2.tgz#6efecc2a4dad8e6962c4901b337ce7ba87b5d28b"
  dependencies:
    object-keys "~0.4.0"

xtend@~3.0.0:
  version "3.0.0"
  resolved "https://registry.yarnpkg.com/xtend/-/xtend-3.0.0.tgz#5cce7407baf642cba7becda568111c493f59665a"

zip-stream@~0.8.0:
  version "0.8.0"
  resolved "https://registry.yarnpkg.com/zip-stream/-/zip-stream-0.8.0.tgz#236b2fe25823cb4f48e8336f5bfa743aa5ae9dbd"
  dependencies:
    archiver-utils "~0.3.0"
    compress-commons "~0.4.0"
    lodash "~3.10.1"
    readable-stream "~2.0.0"
